// !$*UTF8*$!
{
	archiveVersion = 1;
	classes = {
	};
	objectVersion = 46;
	objects = {

/* Begin PBXBuildFile section */
		DF10EA79175DFF5D004BAE2D /* UIKit.framework in Frameworks */ = {isa = PBXBuildFile; fileRef = DF10EA78175DFF5D004BAE2D /* UIKit.framework */; };
		DF10EA7B175DFF5D004BAE2D /* Foundation.framework in Frameworks */ = {isa = PBXBuildFile; fileRef = DF10EA7A175DFF5D004BAE2D /* Foundation.framework */; };
		DF10EA7D175DFF5D004BAE2D /* CoreGraphics.framework in Frameworks */ = {isa = PBXBuildFile; fileRef = DF10EA7C175DFF5D004BAE2D /* CoreGraphics.framework */; };
		DF10EA83175DFF5D004BAE2D /* InfoPlist.strings in Resources */ = {isa = PBXBuildFile; fileRef = DF10EA81175DFF5D004BAE2D /* InfoPlist.strings */; };
		DF10EA85175DFF5D004BAE2D /* main.m in Sources */ = {isa = PBXBuildFile; fileRef = DF10EA84175DFF5D004BAE2D /* main.m */; };
		DF10EA89175DFF5D004BAE2D /* TDTAppDelegate.m in Sources */ = {isa = PBXBuildFile; fileRef = DF10EA88175DFF5D004BAE2D /* TDTAppDelegate.m */; };
		DF10EA8B175DFF5D004BAE2D /* Default.png in Resources */ = {isa = PBXBuildFile; fileRef = DF10EA8A175DFF5D004BAE2D /* Default.png */; };
		DF10EA8D175DFF5D004BAE2D /* Default@2x.png in Resources */ = {isa = PBXBuildFile; fileRef = DF10EA8C175DFF5D004BAE2D /* Default@2x.png */; };
		DF10EA8F175DFF5D004BAE2D /* Default-568h@2x.png in Resources */ = {isa = PBXBuildFile; fileRef = DF10EA8E175DFF5D004BAE2D /* Default-568h@2x.png */; };
		DF10EA92175DFF5D004BAE2D /* MainStoryboard.storyboard in Resources */ = {isa = PBXBuildFile; fileRef = DF10EA90175DFF5D004BAE2D /* MainStoryboard.storyboard */; };
		DF10EA9D175E068E004BAE2D /* TDTMainMenuViewController.m in Sources */ = {isa = PBXBuildFile; fileRef = DF10EA9C175E068E004BAE2D /* TDTMainMenuViewController.m */; };
		DF10EAA1175E0823004BAE2D /* MessageFile.plist in Resources */ = {isa = PBXBuildFile; fileRef = DF10EAA0175E0823004BAE2D /* MessageFile.plist */; };
		DF10EAA4175E1224004BAE2D /* TDTSkippedFrameCounter.m in Sources */ = {isa = PBXBuildFile; fileRef = DF10EAA3175E1223004BAE2D /* TDTSkippedFrameCounter.m */; };
		DF10EAA6175E13E3004BAE2D /* QuartzCore.framework in Frameworks */ = {isa = PBXBuildFile; fileRef = DF10EAA5175E13E3004BAE2D /* QuartzCore.framework */; };
		DF2845FC17796B7A00D54678 /* libOHAttributedLabel.a in Frameworks */ = {isa = PBXBuildFile; fileRef = DF2845FA17796AF100D54678 /* libOHAttributedLabel.a */; };
		DF2846001779982200D54678 /* TDTOHAttributedLabelMethodVC.m in Sources */ = {isa = PBXBuildFile; fileRef = DF2845FF1779982000D54678 /* TDTOHAttributedLabelMethodVC.m */; };
		DF2846041779995500D54678 /* TDTCustomFontImplementationsVC.m in Sources */ = {isa = PBXBuildFile; fileRef = DF2846031779995500D54678 /* TDTCustomFontImplementationsVC.m */; };
		DF28460717799CB500D54678 /* TDTAttrStrAndSizeData.m in Sources */ = {isa = PBXBuildFile; fileRef = DF28460617799CB500D54678 /* TDTAttrStrAndSizeData.m */; };
		DF28460A1779BBF800D54678 /* TDTNSAttributedStringMethodVC.m in Sources */ = {isa = PBXBuildFile; fileRef = DF2846091779BBF700D54678 /* TDTNSAttributedStringMethodVC.m */; };
		DF28460D1779BF6A00D54678 /* TDTDTCoreTextMethodVC.m in Sources */ = {isa = PBXBuildFile; fileRef = DF28460C1779BF6900D54678 /* TDTDTCoreTextMethodVC.m */; };
		DF28460F1779D57900D54678 /* TDTEmoFull.ttf in Resources */ = {isa = PBXBuildFile; fileRef = DF28460E1779D57800D54678 /* TDTEmoFull.ttf */; };
		DF4CB0061782CB86002CF1CE /* TDTEmoticonFont.ttf in Resources */ = {isa = PBXBuildFile; fileRef = DF4CB0051782CB86002CF1CE /* TDTEmoticonFont.ttf */; };
		DF556FD91785AE72003B651C /* TDT Custom Font.ttf in Resources */ = {isa = PBXBuildFile; fileRef = DF556FD81785AE72003B651C /* TDT Custom Font.ttf */; };
		DF57B5FF1766DCA5004337A6 /* TDTDTAttributedTextViewVC.m in Sources */ = {isa = PBXBuildFile; fileRef = DF57B5FE1766DCA5004337A6 /* TDTDTAttributedTextViewVC.m */; };
		DF57B7AB1766E4A3004337A6 /* libDTCoreText.a in Frameworks */ = {isa = PBXBuildFile; fileRef = DF57B7A21766E47B004337A6 /* libDTCoreText.a */; };
		DF57B7AD1766E4AD004337A6 /* libxml2.dylib in Frameworks */ = {isa = PBXBuildFile; fileRef = DF57B7AC1766E4AD004337A6 /* libxml2.dylib */; };
		DF57B7AF1766E4B9004337A6 /* ImageIO.framework in Frameworks */ = {isa = PBXBuildFile; fileRef = DF57B7AE1766E4B9004337A6 /* ImageIO.framework */; };
		DF57B7B11766E4CD004337A6 /* MobileCoreServices.framework in Frameworks */ = {isa = PBXBuildFile; fileRef = DF57B7B01766E4CD004337A6 /* MobileCoreServices.framework */; };
		DF6D94D5175EF5AC00AA04A6 /* TDTDrawRectBubblesVC.m in Sources */ = {isa = PBXBuildFile; fileRef = DF6D94D4175EF5AC00AA04A6 /* TDTDrawRectBubblesVC.m */; };
		DF6D94D8175EF5F300AA04A6 /* TDTBubbleImplementationsMenuViewController.m in Sources */ = {isa = PBXBuildFile; fileRef = DF6D94D7175EF5F300AA04A6 /* TDTBubbleImplementationsMenuViewController.m */; };
		DF6D94DB175EFA2C00AA04A6 /* TDTBubbleData.m in Sources */ = {isa = PBXBuildFile; fileRef = DF6D94DA175EFA2C00AA04A6 /* TDTBubbleData.m */; };
		DF6D94DE175EFF8000AA04A6 /* TDTDrawnBubbleView.m in Sources */ = {isa = PBXBuildFile; fileRef = DF6D94DD175EFF8000AA04A6 /* TDTDrawnBubbleView.m */; };
		DF6D94E1175F105000AA04A6 /* TDTLayerBubbleView.m in Sources */ = {isa = PBXBuildFile; fileRef = DF6D94E0175F105000AA04A6 /* TDTLayerBubbleView.m */; };
		DF6D94E4175F12A000AA04A6 /* TDTLayerBubblesVC.m in Sources */ = {isa = PBXBuildFile; fileRef = DF6D94E3175F12A000AA04A6 /* TDTLayerBubblesVC.m */; };
		DF6D94E7175F162800AA04A6 /* chat-bubble-incoming@2x.png in Resources */ = {isa = PBXBuildFile; fileRef = DF6D94E5175F162800AA04A6 /* chat-bubble-incoming@2x.png */; };
		DF6D94E8175F162800AA04A6 /* chat-bubble-outgoing@2x.png in Resources */ = {isa = PBXBuildFile; fileRef = DF6D94E6175F162800AA04A6 /* chat-bubble-outgoing@2x.png */; };
		DF6D94EB175F177900AA04A6 /* TDTImageBubblesVC.m in Sources */ = {isa = PBXBuildFile; fileRef = DF6D94EA175F177900AA04A6 /* TDTImageBubblesVC.m */; };
		DF6D94EE175F187600AA04A6 /* TDTImageBubbleView.m in Sources */ = {isa = PBXBuildFile; fileRef = DF6D94ED175F187600AA04A6 /* TDTImageBubbleView.m */; };
		DF6D94F3175F524D00AA04A6 /* TDTChatBubbleAndAvatarVC.m in Sources */ = {isa = PBXBuildFile; fileRef = DF6D94F2175F524D00AA04A6 /* TDTChatBubbleAndAvatarVC.m */; };
		DF6D94F6175F535600AA04A6 /* TDTLayerBubblesAndAvatarVC.m in Sources */ = {isa = PBXBuildFile; fileRef = DF6D94F5175F535500AA04A6 /* TDTLayerBubblesAndAvatarVC.m */; };
		DF6D94F9175F550300AA04A6 /* TDTLayerBubbleAndAvatarView.m in Sources */ = {isa = PBXBuildFile; fileRef = DF6D94F8175F550200AA04A6 /* TDTLayerBubbleAndAvatarView.m */; };
		DF6D94FC175F56FC00AA04A6 /* avatarPlaceHolder.png in Resources */ = {isa = PBXBuildFile; fileRef = DF6D94FA175F56FC00AA04A6 /* avatarPlaceHolder.png */; };
		DF6D94FD175F56FC00AA04A6 /* avatarPlaceHolder@2x.png in Resources */ = {isa = PBXBuildFile; fileRef = DF6D94FB175F56FC00AA04A6 /* avatarPlaceHolder@2x.png */; };
		DF6D9500175F5B7800AA04A6 /* TDTImageBubblesAndAvatarVC.m in Sources */ = {isa = PBXBuildFile; fileRef = DF6D94FF175F5B7800AA04A6 /* TDTImageBubblesAndAvatarVC.m */; };
		DF6D9503175F5B9D00AA04A6 /* TDTImageBubbleAndAvatarView.m in Sources */ = {isa = PBXBuildFile; fileRef = DF6D9502175F5B9D00AA04A6 /* TDTImageBubbleAndAvatarView.m */; };
		DF6D9506175F606F00AA04A6 /* avatarPlaceHolderMe.png in Resources */ = {isa = PBXBuildFile; fileRef = DF6D9504175F606F00AA04A6 /* avatarPlaceHolderMe.png */; };
		DF6D9507175F606F00AA04A6 /* avatarPlaceHolderMe@2x.png in Resources */ = {isa = PBXBuildFile; fileRef = DF6D9505175F606F00AA04A6 /* avatarPlaceHolderMe@2x.png */; };
		DF6D950B175F62B500AA04A6 /* TDTBubbleWithAvatarAndTextVC.m in Sources */ = {isa = PBXBuildFile; fileRef = DF6D950A175F62B500AA04A6 /* TDTBubbleWithAvatarAndTextVC.m */; };
		DF6D950E175F62D500AA04A6 /* TDTLayerBubblesAvatarsAndTextVC.m in Sources */ = {isa = PBXBuildFile; fileRef = DF6D950D175F62D500AA04A6 /* TDTLayerBubblesAvatarsAndTextVC.m */; };
		DF6D9511175F62ED00AA04A6 /* TDTImageBubblesAvatarsAndTextVC.m in Sources */ = {isa = PBXBuildFile; fileRef = DF6D9510175F62ED00AA04A6 /* TDTImageBubblesAvatarsAndTextVC.m */; };
		DF6D9514175F631400AA04A6 /* TDTLayerBubbleAvatarAndTextView.m in Sources */ = {isa = PBXBuildFile; fileRef = DF6D9513175F631400AA04A6 /* TDTLayerBubbleAvatarAndTextView.m */; };
		DF6D9517175F632500AA04A6 /* TDTImageBubbleAvatarAndTextView.m in Sources */ = {isa = PBXBuildFile; fileRef = DF6D9516175F632500AA04A6 /* TDTImageBubbleAvatarAndTextView.m */; };
		DF6D951A175F641600AA04A6 /* TDTBubbleDataWithText.m in Sources */ = {isa = PBXBuildFile; fileRef = DF6D9519175F641400AA04A6 /* TDTBubbleDataWithText.m */; };
		DF6D951D1760689D00AA04A6 /* TDTTextImplementationsVC.m in Sources */ = {isa = PBXBuildFile; fileRef = DF6D951C1760689D00AA04A6 /* TDTTextImplementationsVC.m */; };
		DF6D95211760697F00AA04A6 /* TDTDrawRectTextVC.m in Sources */ = {isa = PBXBuildFile; fileRef = DF6D95201760697F00AA04A6 /* TDTDrawRectTextVC.m */; };
		DF6D95241760699800AA04A6 /* TDTUILabelTextVC.m in Sources */ = {isa = PBXBuildFile; fileRef = DF6D95231760699800AA04A6 /* TDTUILabelTextVC.m */; };
		DF6D9527176069AC00AA04A6 /* TDTCALayerTextVC.m in Sources */ = {isa = PBXBuildFile; fileRef = DF6D9526176069AB00AA04A6 /* TDTCALayerTextVC.m */; };
		DFAC642F17659346004CD02F /* TDTRoughWorkVC.m in Sources */ = {isa = PBXBuildFile; fileRef = DFAC642E17659346004CD02F /* TDTRoughWorkVC.m */; };
		DFAC643217659539004CD02F /* happyEmoticon.png in Resources */ = {isa = PBXBuildFile; fileRef = DFAC643017659539004CD02F /* happyEmoticon.png */; };
		DFAC643317659539004CD02F /* happyEmoticon@2x.png in Resources */ = {isa = PBXBuildFile; fileRef = DFAC643117659539004CD02F /* happyEmoticon@2x.png */; };
		DFAC64351765962D004CD02F /* testImg.png in Resources */ = {isa = PBXBuildFile; fileRef = DFAC64341765962D004CD02F /* testImg.png */; };
		DFAC6438176598EE004CD02F /* TDTCustomEmoticonsMenuVC.m in Sources */ = {isa = PBXBuildFile; fileRef = DFAC6437176598EE004CD02F /* TDTCustomEmoticonsMenuVC.m */; };
		DFAC643C17659983004CD02F /* TDTWebViewMethodVC.m in Sources */ = {isa = PBXBuildFile; fileRef = DFAC643B17659983004CD02F /* TDTWebViewMethodVC.m */; };
		DFAC643E1765ACD6004CD02F /* CoreText.framework in Frameworks */ = {isa = PBXBuildFile; fileRef = DFAC643D1765ACD6004CD02F /* CoreText.framework */; };
		DFAC64411765ACF8004CD02F /* TDTCTView.m in Sources */ = {isa = PBXBuildFile; fileRef = DFAC64401765ACF7004CD02F /* TDTCTView.m */; };
		DFAC64441765D067004CD02F /* sadEmoticon.png in Resources */ = {isa = PBXBuildFile; fileRef = DFAC64421765D067004CD02F /* sadEmoticon.png */; };
		DFAC64451765D067004CD02F /* sadEmoticon@2x.png in Resources */ = {isa = PBXBuildFile; fileRef = DFAC64431765D067004CD02F /* sadEmoticon@2x.png */; };
		DFAC64481765D38D004CD02F /* TDTWebViewData.m in Sources */ = {isa = PBXBuildFile; fileRef = DFAC64471765D38D004CD02F /* TDTWebViewData.m */; };
		DFAC644A1765D771004CD02F /* List1.plist in Resources */ = {isa = PBXBuildFile; fileRef = DFAC64491765D771004CD02F /* List1.plist */; };
		DFBFA99C177C4B3E004EDAE4 /* TDTCellData.m in Sources */ = {isa = PBXBuildFile; fileRef = DFBFA99B177C4B3E004EDAE4 /* TDTCellData.m */; };
		DFBFA9AA177C5789004EDAE4 /* chat-bubble-incoming-highlighted.png in Resources */ = {isa = PBXBuildFile; fileRef = DFBFA9A6177C5789004EDAE4 /* chat-bubble-incoming-highlighted.png */; };
		DFBFA9AB177C5789004EDAE4 /* chat-bubble-incoming-highlighted@2x.png in Resources */ = {isa = PBXBuildFile; fileRef = DFBFA9A7177C5789004EDAE4 /* chat-bubble-incoming-highlighted@2x.png */; };
		DFBFA9AC177C5789004EDAE4 /* chat-bubble-outgoing-highlighted.png in Resources */ = {isa = PBXBuildFile; fileRef = DFBFA9A8177C5789004EDAE4 /* chat-bubble-outgoing-highlighted.png */; };
		DFBFA9AD177C5789004EDAE4 /* chat-bubble-outgoing-highlighted@2x.png in Resources */ = {isa = PBXBuildFile; fileRef = DFBFA9A9177C5789004EDAE4 /* chat-bubble-outgoing-highlighted@2x.png */; };
		DFD46569177AA7B000DB27F0 /* TDTCompleteChatTableVC.m in Sources */ = {isa = PBXBuildFile; fileRef = DFD46568177AA7B000DB27F0 /* TDTCompleteChatTableVC.m */; };
		DFD46575177AAB0000DB27F0 /* TDTFullDataObject.m in Sources */ = {isa = PBXBuildFile; fileRef = DFD46574177AAB0000DB27F0 /* TDTFullDataObject.m */; };
		DFD46577177AAE1200DB27F0 /* SmallMessageFile.plist in Resources */ = {isa = PBXBuildFile; fileRef = DFD46576177AAE1200DB27F0 /* SmallMessageFile.plist */; };
		DFD4657A177B095800DB27F0 /* TDTSentMessageCustomView.m in Sources */ = {isa = PBXBuildFile; fileRef = DFD46579177B095700DB27F0 /* TDTSentMessageCustomView.m */; };
		DFD4657D177B32BA00DB27F0 /* TDTReceivedMessageCustomView.m in Sources */ = {isa = PBXBuildFile; fileRef = DFD4657C177B32B900DB27F0 /* TDTReceivedMessageCustomView.m */; };
/* End PBXBuildFile section */

/* Begin PBXContainerItemProxy section */
		DF2845F917796AF100D54678 /* PBXContainerItemProxy */ = {
			isa = PBXContainerItemProxy;
			containerPortal = DF2845F517796AF000D54678 /* OHAttributedLabel.xcodeproj */;
			proxyType = 2;
			remoteGlobalIDString = 09E159E8160F573A003025B4;
			remoteInfo = OHAttributedLabel;
		};
		DF57B79D1766E47B004337A6 /* PBXContainerItemProxy */ = {
			isa = PBXContainerItemProxy;
			containerPortal = DF57B7911766E479004337A6 /* DTCoreText.xcodeproj */;
			proxyType = 2;
			remoteGlobalIDString = 1D6058910D05DD3D006BFB54;
			remoteInfo = DemoApp;
		};
		DF57B79F1766E47B004337A6 /* PBXContainerItemProxy */ = {
			isa = PBXContainerItemProxy;
			containerPortal = DF57B7911766E479004337A6 /* DTCoreText.xcodeproj */;
			proxyType = 2;
			remoteGlobalIDString = A70F119B14863198009202BF;
			remoteInfo = "Static Framework";
		};
		DF57B7A11766E47B004337A6 /* PBXContainerItemProxy */ = {
			isa = PBXContainerItemProxy;
			containerPortal = DF57B7911766E479004337A6 /* DTCoreText.xcodeproj */;
			proxyType = 2;
			remoteGlobalIDString = A70F11DE148632CD009202BF;
			remoteInfo = "Static Library";
		};
		DF57B7A31766E47B004337A6 /* PBXContainerItemProxy */ = {
			isa = PBXContainerItemProxy;
			containerPortal = DF57B7911766E479004337A6 /* DTCoreText.xcodeproj */;
			proxyType = 2;
			remoteGlobalIDString = A788CA681486456100E1AFD9;
			remoteInfo = UnitTest;
		};
		DF57B7A51766E47B004337A6 /* PBXContainerItemProxy */ = {
			isa = PBXContainerItemProxy;
			containerPortal = DF57B7911766E479004337A6 /* DTCoreText.xcodeproj */;
			proxyType = 2;
			remoteGlobalIDString = A7949A5814CC456000A8CCDE;
			remoteInfo = MacUnitTest;
		};
		DF57B7A71766E47B004337A6 /* PBXContainerItemProxy */ = {
			isa = PBXContainerItemProxy;
			containerPortal = DF57B7911766E479004337A6 /* DTCoreText.xcodeproj */;
			proxyType = 2;
			remoteGlobalIDString = A7F7EFCD1573603100F5A4D0;
			remoteInfo = "Static Library (no DTFoundation)";
		};
		DF57B7A91766E47B004337A6 /* PBXContainerItemProxy */ = {
			isa = PBXContainerItemProxy;
			containerPortal = DF57B7911766E479004337A6 /* DTCoreText.xcodeproj */;
			proxyType = 2;
			remoteGlobalIDString = E2262DC61638331500BFDAD7;
			remoteInfo = "Mac Framework";
		};
/* End PBXContainerItemProxy section */

/* Begin PBXFileReference section */
		DF10EA75175DFF5D004BAE2D /* ChatMessageExperiments.app */ = {isa = PBXFileReference; explicitFileType = wrapper.application; includeInIndex = 0; path = ChatMessageExperiments.app; sourceTree = BUILT_PRODUCTS_DIR; };
		DF10EA78175DFF5D004BAE2D /* UIKit.framework */ = {isa = PBXFileReference; lastKnownFileType = wrapper.framework; name = UIKit.framework; path = System/Library/Frameworks/UIKit.framework; sourceTree = SDKROOT; };
		DF10EA7A175DFF5D004BAE2D /* Foundation.framework */ = {isa = PBXFileReference; lastKnownFileType = wrapper.framework; name = Foundation.framework; path = System/Library/Frameworks/Foundation.framework; sourceTree = SDKROOT; };
		DF10EA7C175DFF5D004BAE2D /* CoreGraphics.framework */ = {isa = PBXFileReference; lastKnownFileType = wrapper.framework; name = CoreGraphics.framework; path = System/Library/Frameworks/CoreGraphics.framework; sourceTree = SDKROOT; };
		DF10EA80175DFF5D004BAE2D /* ChatMessageExperiments-Info.plist */ = {isa = PBXFileReference; lastKnownFileType = text.plist.xml; path = "ChatMessageExperiments-Info.plist"; sourceTree = "<group>"; };
		DF10EA82175DFF5D004BAE2D /* en */ = {isa = PBXFileReference; lastKnownFileType = text.plist.strings; name = en; path = en.lproj/InfoPlist.strings; sourceTree = "<group>"; };
		DF10EA84175DFF5D004BAE2D /* main.m */ = {isa = PBXFileReference; lastKnownFileType = sourcecode.c.objc; path = main.m; sourceTree = "<group>"; };
		DF10EA86175DFF5D004BAE2D /* ChatMessageExperiments-Prefix.pch */ = {isa = PBXFileReference; lastKnownFileType = sourcecode.c.h; path = "ChatMessageExperiments-Prefix.pch"; sourceTree = "<group>"; };
		DF10EA87175DFF5D004BAE2D /* TDTAppDelegate.h */ = {isa = PBXFileReference; lastKnownFileType = sourcecode.c.h; path = TDTAppDelegate.h; sourceTree = "<group>"; };
		DF10EA88175DFF5D004BAE2D /* TDTAppDelegate.m */ = {isa = PBXFileReference; lastKnownFileType = sourcecode.c.objc; path = TDTAppDelegate.m; sourceTree = "<group>"; };
		DF10EA8A175DFF5D004BAE2D /* Default.png */ = {isa = PBXFileReference; lastKnownFileType = image.png; path = Default.png; sourceTree = "<group>"; };
		DF10EA8C175DFF5D004BAE2D /* Default@2x.png */ = {isa = PBXFileReference; lastKnownFileType = image.png; path = "Default@2x.png"; sourceTree = "<group>"; };
		DF10EA8E175DFF5D004BAE2D /* Default-568h@2x.png */ = {isa = PBXFileReference; lastKnownFileType = image.png; path = "Default-568h@2x.png"; sourceTree = "<group>"; };
		DF10EA91175DFF5D004BAE2D /* en */ = {isa = PBXFileReference; lastKnownFileType = file.storyboard; name = en; path = en.lproj/MainStoryboard.storyboard; sourceTree = "<group>"; };
		DF10EA9B175E068E004BAE2D /* TDTMainMenuViewController.h */ = {isa = PBXFileReference; fileEncoding = 4; lastKnownFileType = sourcecode.c.h; path = TDTMainMenuViewController.h; sourceTree = "<group>"; };
		DF10EA9C175E068E004BAE2D /* TDTMainMenuViewController.m */ = {isa = PBXFileReference; fileEncoding = 4; lastKnownFileType = sourcecode.c.objc; path = TDTMainMenuViewController.m; sourceTree = "<group>"; };
		DF10EA9F175E0793004BAE2D /* Constants.h */ = {isa = PBXFileReference; lastKnownFileType = sourcecode.c.h; path = Constants.h; sourceTree = "<group>"; };
		DF10EAA0175E0823004BAE2D /* MessageFile.plist */ = {isa = PBXFileReference; fileEncoding = 4; lastKnownFileType = text.plist.xml; name = MessageFile.plist; path = ../MessageFile.plist; sourceTree = "<group>"; };
		DF10EAA2175E1223004BAE2D /* TDTSkippedFrameCounter.h */ = {isa = PBXFileReference; fileEncoding = 4; lastKnownFileType = sourcecode.c.h; path = TDTSkippedFrameCounter.h; sourceTree = "<group>"; };
		DF10EAA3175E1223004BAE2D /* TDTSkippedFrameCounter.m */ = {isa = PBXFileReference; fileEncoding = 4; lastKnownFileType = sourcecode.c.objc; path = TDTSkippedFrameCounter.m; sourceTree = "<group>"; };
		DF10EAA5175E13E3004BAE2D /* QuartzCore.framework */ = {isa = PBXFileReference; lastKnownFileType = wrapper.framework; name = QuartzCore.framework; path = System/Library/Frameworks/QuartzCore.framework; sourceTree = SDKROOT; };
		DF2845F517796AF000D54678 /* OHAttributedLabel.xcodeproj */ = {isa = PBXFileReference; lastKnownFileType = "wrapper.pb-project"; name = OHAttributedLabel.xcodeproj; path = ../../OHAttributedLabel/OHAttributedLabel.xcodeproj; sourceTree = "<group>"; };
		DF2845FE1779981E00D54678 /* TDTOHAttributedLabelMethodVC.h */ = {isa = PBXFileReference; fileEncoding = 4; lastKnownFileType = sourcecode.c.h; path = TDTOHAttributedLabelMethodVC.h; sourceTree = "<group>"; };
		DF2845FF1779982000D54678 /* TDTOHAttributedLabelMethodVC.m */ = {isa = PBXFileReference; fileEncoding = 4; lastKnownFileType = sourcecode.c.objc; path = TDTOHAttributedLabelMethodVC.m; sourceTree = "<group>"; };
		DF2846021779995400D54678 /* TDTCustomFontImplementationsVC.h */ = {isa = PBXFileReference; fileEncoding = 4; lastKnownFileType = sourcecode.c.h; path = TDTCustomFontImplementationsVC.h; sourceTree = "<group>"; };
		DF2846031779995500D54678 /* TDTCustomFontImplementationsVC.m */ = {isa = PBXFileReference; fileEncoding = 4; lastKnownFileType = sourcecode.c.objc; path = TDTCustomFontImplementationsVC.m; sourceTree = "<group>"; };
		DF28460517799CB400D54678 /* TDTAttrStrAndSizeData.h */ = {isa = PBXFileReference; fileEncoding = 4; lastKnownFileType = sourcecode.c.h; path = TDTAttrStrAndSizeData.h; sourceTree = "<group>"; };
		DF28460617799CB500D54678 /* TDTAttrStrAndSizeData.m */ = {isa = PBXFileReference; fileEncoding = 4; lastKnownFileType = sourcecode.c.objc; path = TDTAttrStrAndSizeData.m; sourceTree = "<group>"; };
		DF2846081779BBF700D54678 /* TDTNSAttributedStringMethodVC.h */ = {isa = PBXFileReference; fileEncoding = 4; lastKnownFileType = sourcecode.c.h; path = TDTNSAttributedStringMethodVC.h; sourceTree = "<group>"; };
		DF2846091779BBF700D54678 /* TDTNSAttributedStringMethodVC.m */ = {isa = PBXFileReference; fileEncoding = 4; lastKnownFileType = sourcecode.c.objc; path = TDTNSAttributedStringMethodVC.m; sourceTree = "<group>"; };
		DF28460B1779BF6800D54678 /* TDTDTCoreTextMethodVC.h */ = {isa = PBXFileReference; fileEncoding = 4; lastKnownFileType = sourcecode.c.h; path = TDTDTCoreTextMethodVC.h; sourceTree = "<group>"; };
		DF28460C1779BF6900D54678 /* TDTDTCoreTextMethodVC.m */ = {isa = PBXFileReference; fileEncoding = 4; lastKnownFileType = sourcecode.c.objc; path = TDTDTCoreTextMethodVC.m; sourceTree = "<group>"; };
		DF28460E1779D57800D54678 /* TDTEmoFull.ttf */ = {isa = PBXFileReference; lastKnownFileType = file; path = TDTEmoFull.ttf; sourceTree = "<group>"; };
		DF4CB0051782CB86002CF1CE /* TDTEmoticonFont.ttf */ = {isa = PBXFileReference; lastKnownFileType = file; path = TDTEmoticonFont.ttf; sourceTree = "<group>"; };
		DF556FD81785AE72003B651C /* TDT Custom Font.ttf */ = {isa = PBXFileReference; lastKnownFileType = file; path = "TDT Custom Font.ttf"; sourceTree = "<group>"; };
		DF57B5FD1766DCA5004337A6 /* TDTDTAttributedTextViewVC.h */ = {isa = PBXFileReference; fileEncoding = 4; lastKnownFileType = sourcecode.c.h; path = TDTDTAttributedTextViewVC.h; sourceTree = "<group>"; };
		DF57B5FE1766DCA5004337A6 /* TDTDTAttributedTextViewVC.m */ = {isa = PBXFileReference; fileEncoding = 4; lastKnownFileType = sourcecode.c.objc; path = TDTDTAttributedTextViewVC.m; sourceTree = "<group>"; };
		DF57B7911766E479004337A6 /* DTCoreText.xcodeproj */ = {isa = PBXFileReference; lastKnownFileType = "wrapper.pb-project"; name = DTCoreText.xcodeproj; path = External/DTCoreText/DTCoreText.xcodeproj; sourceTree = "<group>"; };
		DF57B7AC1766E4AD004337A6 /* libxml2.dylib */ = {isa = PBXFileReference; lastKnownFileType = "compiled.mach-o.dylib"; name = libxml2.dylib; path = usr/lib/libxml2.dylib; sourceTree = SDKROOT; };
		DF57B7AE1766E4B9004337A6 /* ImageIO.framework */ = {isa = PBXFileReference; lastKnownFileType = wrapper.framework; name = ImageIO.framework; path = System/Library/Frameworks/ImageIO.framework; sourceTree = SDKROOT; };
		DF57B7B01766E4CD004337A6 /* MobileCoreServices.framework */ = {isa = PBXFileReference; lastKnownFileType = wrapper.framework; name = MobileCoreServices.framework; path = System/Library/Frameworks/MobileCoreServices.framework; sourceTree = SDKROOT; };
		DF6D94D3175EF5AC00AA04A6 /* TDTDrawRectBubblesVC.h */ = {isa = PBXFileReference; fileEncoding = 4; lastKnownFileType = sourcecode.c.h; path = TDTDrawRectBubblesVC.h; sourceTree = "<group>"; };
		DF6D94D4175EF5AC00AA04A6 /* TDTDrawRectBubblesVC.m */ = {isa = PBXFileReference; fileEncoding = 4; lastKnownFileType = sourcecode.c.objc; path = TDTDrawRectBubblesVC.m; sourceTree = "<group>"; };
		DF6D94D6175EF5F200AA04A6 /* TDTBubbleImplementationsMenuViewController.h */ = {isa = PBXFileReference; fileEncoding = 4; lastKnownFileType = sourcecode.c.h; path = TDTBubbleImplementationsMenuViewController.h; sourceTree = "<group>"; };
		DF6D94D7175EF5F300AA04A6 /* TDTBubbleImplementationsMenuViewController.m */ = {isa = PBXFileReference; fileEncoding = 4; lastKnownFileType = sourcecode.c.objc; path = TDTBubbleImplementationsMenuViewController.m; sourceTree = "<group>"; };
		DF6D94D9175EFA2C00AA04A6 /* TDTBubbleData.h */ = {isa = PBXFileReference; fileEncoding = 4; lastKnownFileType = sourcecode.c.h; path = TDTBubbleData.h; sourceTree = "<group>"; };
		DF6D94DA175EFA2C00AA04A6 /* TDTBubbleData.m */ = {isa = PBXFileReference; fileEncoding = 4; lastKnownFileType = sourcecode.c.objc; path = TDTBubbleData.m; sourceTree = "<group>"; };
		DF6D94DC175EFF8000AA04A6 /* TDTDrawnBubbleView.h */ = {isa = PBXFileReference; fileEncoding = 4; lastKnownFileType = sourcecode.c.h; path = TDTDrawnBubbleView.h; sourceTree = "<group>"; };
		DF6D94DD175EFF8000AA04A6 /* TDTDrawnBubbleView.m */ = {isa = PBXFileReference; fileEncoding = 4; lastKnownFileType = sourcecode.c.objc; path = TDTDrawnBubbleView.m; sourceTree = "<group>"; };
		DF6D94DF175F105000AA04A6 /* TDTLayerBubbleView.h */ = {isa = PBXFileReference; fileEncoding = 4; lastKnownFileType = sourcecode.c.h; path = TDTLayerBubbleView.h; sourceTree = "<group>"; };
		DF6D94E0175F105000AA04A6 /* TDTLayerBubbleView.m */ = {isa = PBXFileReference; fileEncoding = 4; lastKnownFileType = sourcecode.c.objc; path = TDTLayerBubbleView.m; sourceTree = "<group>"; };
		DF6D94E2175F12A000AA04A6 /* TDTLayerBubblesVC.h */ = {isa = PBXFileReference; fileEncoding = 4; lastKnownFileType = sourcecode.c.h; path = TDTLayerBubblesVC.h; sourceTree = "<group>"; };
		DF6D94E3175F12A000AA04A6 /* TDTLayerBubblesVC.m */ = {isa = PBXFileReference; fileEncoding = 4; lastKnownFileType = sourcecode.c.objc; path = TDTLayerBubblesVC.m; sourceTree = "<group>"; };
		DF6D94E5175F162800AA04A6 /* chat-bubble-incoming@2x.png */ = {isa = PBXFileReference; lastKnownFileType = image.png; path = "chat-bubble-incoming@2x.png"; sourceTree = "<group>"; };
		DF6D94E6175F162800AA04A6 /* chat-bubble-outgoing@2x.png */ = {isa = PBXFileReference; lastKnownFileType = image.png; path = "chat-bubble-outgoing@2x.png"; sourceTree = "<group>"; };
		DF6D94E9175F177800AA04A6 /* TDTImageBubblesVC.h */ = {isa = PBXFileReference; fileEncoding = 4; lastKnownFileType = sourcecode.c.h; path = TDTImageBubblesVC.h; sourceTree = "<group>"; };
		DF6D94EA175F177900AA04A6 /* TDTImageBubblesVC.m */ = {isa = PBXFileReference; fileEncoding = 4; lastKnownFileType = sourcecode.c.objc; path = TDTImageBubblesVC.m; sourceTree = "<group>"; };
		DF6D94EC175F187500AA04A6 /* TDTImageBubbleView.h */ = {isa = PBXFileReference; fileEncoding = 4; lastKnownFileType = sourcecode.c.h; path = TDTImageBubbleView.h; sourceTree = "<group>"; };
		DF6D94ED175F187600AA04A6 /* TDTImageBubbleView.m */ = {isa = PBXFileReference; fileEncoding = 4; lastKnownFileType = sourcecode.c.objc; path = TDTImageBubbleView.m; sourceTree = "<group>"; };
		DF6D94F1175F524D00AA04A6 /* TDTChatBubbleAndAvatarVC.h */ = {isa = PBXFileReference; fileEncoding = 4; lastKnownFileType = sourcecode.c.h; path = TDTChatBubbleAndAvatarVC.h; sourceTree = "<group>"; };
		DF6D94F2175F524D00AA04A6 /* TDTChatBubbleAndAvatarVC.m */ = {isa = PBXFileReference; fileEncoding = 4; lastKnownFileType = sourcecode.c.objc; path = TDTChatBubbleAndAvatarVC.m; sourceTree = "<group>"; };
		DF6D94F4175F535500AA04A6 /* TDTLayerBubblesAndAvatarVC.h */ = {isa = PBXFileReference; fileEncoding = 4; lastKnownFileType = sourcecode.c.h; path = TDTLayerBubblesAndAvatarVC.h; sourceTree = "<group>"; };
		DF6D94F5175F535500AA04A6 /* TDTLayerBubblesAndAvatarVC.m */ = {isa = PBXFileReference; fileEncoding = 4; lastKnownFileType = sourcecode.c.objc; path = TDTLayerBubblesAndAvatarVC.m; sourceTree = "<group>"; };
		DF6D94F7175F550200AA04A6 /* TDTLayerBubbleAndAvatarView.h */ = {isa = PBXFileReference; fileEncoding = 4; lastKnownFileType = sourcecode.c.h; path = TDTLayerBubbleAndAvatarView.h; sourceTree = "<group>"; };
		DF6D94F8175F550200AA04A6 /* TDTLayerBubbleAndAvatarView.m */ = {isa = PBXFileReference; fileEncoding = 4; lastKnownFileType = sourcecode.c.objc; path = TDTLayerBubbleAndAvatarView.m; sourceTree = "<group>"; };
		DF6D94FA175F56FC00AA04A6 /* avatarPlaceHolder.png */ = {isa = PBXFileReference; lastKnownFileType = image.png; path = avatarPlaceHolder.png; sourceTree = "<group>"; };
		DF6D94FB175F56FC00AA04A6 /* avatarPlaceHolder@2x.png */ = {isa = PBXFileReference; lastKnownFileType = image.png; path = "avatarPlaceHolder@2x.png"; sourceTree = "<group>"; };
		DF6D94FE175F5B7800AA04A6 /* TDTImageBubblesAndAvatarVC.h */ = {isa = PBXFileReference; fileEncoding = 4; lastKnownFileType = sourcecode.c.h; path = TDTImageBubblesAndAvatarVC.h; sourceTree = "<group>"; };
		DF6D94FF175F5B7800AA04A6 /* TDTImageBubblesAndAvatarVC.m */ = {isa = PBXFileReference; fileEncoding = 4; lastKnownFileType = sourcecode.c.objc; path = TDTImageBubblesAndAvatarVC.m; sourceTree = "<group>"; };
		DF6D9501175F5B9C00AA04A6 /* TDTImageBubbleAndAvatarView.h */ = {isa = PBXFileReference; fileEncoding = 4; lastKnownFileType = sourcecode.c.h; path = TDTImageBubbleAndAvatarView.h; sourceTree = "<group>"; };
		DF6D9502175F5B9D00AA04A6 /* TDTImageBubbleAndAvatarView.m */ = {isa = PBXFileReference; fileEncoding = 4; lastKnownFileType = sourcecode.c.objc; path = TDTImageBubbleAndAvatarView.m; sourceTree = "<group>"; };
		DF6D9504175F606F00AA04A6 /* avatarPlaceHolderMe.png */ = {isa = PBXFileReference; lastKnownFileType = image.png; path = avatarPlaceHolderMe.png; sourceTree = "<group>"; };
		DF6D9505175F606F00AA04A6 /* avatarPlaceHolderMe@2x.png */ = {isa = PBXFileReference; lastKnownFileType = image.png; path = "avatarPlaceHolderMe@2x.png"; sourceTree = "<group>"; };
		DF6D9509175F62B500AA04A6 /* TDTBubbleWithAvatarAndTextVC.h */ = {isa = PBXFileReference; fileEncoding = 4; lastKnownFileType = sourcecode.c.h; path = TDTBubbleWithAvatarAndTextVC.h; sourceTree = "<group>"; };
		DF6D950A175F62B500AA04A6 /* TDTBubbleWithAvatarAndTextVC.m */ = {isa = PBXFileReference; fileEncoding = 4; lastKnownFileType = sourcecode.c.objc; path = TDTBubbleWithAvatarAndTextVC.m; sourceTree = "<group>"; };
		DF6D950C175F62D500AA04A6 /* TDTLayerBubblesAvatarsAndTextVC.h */ = {isa = PBXFileReference; fileEncoding = 4; lastKnownFileType = sourcecode.c.h; path = TDTLayerBubblesAvatarsAndTextVC.h; sourceTree = "<group>"; };
		DF6D950D175F62D500AA04A6 /* TDTLayerBubblesAvatarsAndTextVC.m */ = {isa = PBXFileReference; fileEncoding = 4; lastKnownFileType = sourcecode.c.objc; path = TDTLayerBubblesAvatarsAndTextVC.m; sourceTree = "<group>"; };
		DF6D950F175F62ED00AA04A6 /* TDTImageBubblesAvatarsAndTextVC.h */ = {isa = PBXFileReference; fileEncoding = 4; lastKnownFileType = sourcecode.c.h; path = TDTImageBubblesAvatarsAndTextVC.h; sourceTree = "<group>"; };
		DF6D9510175F62ED00AA04A6 /* TDTImageBubblesAvatarsAndTextVC.m */ = {isa = PBXFileReference; fileEncoding = 4; lastKnownFileType = sourcecode.c.objc; path = TDTImageBubblesAvatarsAndTextVC.m; sourceTree = "<group>"; };
		DF6D9512175F631400AA04A6 /* TDTLayerBubbleAvatarAndTextView.h */ = {isa = PBXFileReference; fileEncoding = 4; lastKnownFileType = sourcecode.c.h; path = TDTLayerBubbleAvatarAndTextView.h; sourceTree = "<group>"; };
		DF6D9513175F631400AA04A6 /* TDTLayerBubbleAvatarAndTextView.m */ = {isa = PBXFileReference; fileEncoding = 4; lastKnownFileType = sourcecode.c.objc; path = TDTLayerBubbleAvatarAndTextView.m; sourceTree = "<group>"; };
		DF6D9515175F632400AA04A6 /* TDTImageBubbleAvatarAndTextView.h */ = {isa = PBXFileReference; fileEncoding = 4; lastKnownFileType = sourcecode.c.h; path = TDTImageBubbleAvatarAndTextView.h; sourceTree = "<group>"; };
		DF6D9516175F632500AA04A6 /* TDTImageBubbleAvatarAndTextView.m */ = {isa = PBXFileReference; fileEncoding = 4; lastKnownFileType = sourcecode.c.objc; path = TDTImageBubbleAvatarAndTextView.m; sourceTree = "<group>"; };
		DF6D9518175F641200AA04A6 /* TDTBubbleDataWithText.h */ = {isa = PBXFileReference; fileEncoding = 4; lastKnownFileType = sourcecode.c.h; path = TDTBubbleDataWithText.h; sourceTree = "<group>"; };
		DF6D9519175F641400AA04A6 /* TDTBubbleDataWithText.m */ = {isa = PBXFileReference; fileEncoding = 4; lastKnownFileType = sourcecode.c.objc; path = TDTBubbleDataWithText.m; sourceTree = "<group>"; };
		DF6D951B1760689D00AA04A6 /* TDTTextImplementationsVC.h */ = {isa = PBXFileReference; fileEncoding = 4; lastKnownFileType = sourcecode.c.h; path = TDTTextImplementationsVC.h; sourceTree = "<group>"; };
		DF6D951C1760689D00AA04A6 /* TDTTextImplementationsVC.m */ = {isa = PBXFileReference; fileEncoding = 4; lastKnownFileType = sourcecode.c.objc; path = TDTTextImplementationsVC.m; sourceTree = "<group>"; };
		DF6D951F1760697F00AA04A6 /* TDTDrawRectTextVC.h */ = {isa = PBXFileReference; fileEncoding = 4; lastKnownFileType = sourcecode.c.h; path = TDTDrawRectTextVC.h; sourceTree = "<group>"; };
		DF6D95201760697F00AA04A6 /* TDTDrawRectTextVC.m */ = {isa = PBXFileReference; fileEncoding = 4; lastKnownFileType = sourcecode.c.objc; path = TDTDrawRectTextVC.m; sourceTree = "<group>"; };
		DF6D95221760699800AA04A6 /* TDTUILabelTextVC.h */ = {isa = PBXFileReference; fileEncoding = 4; lastKnownFileType = sourcecode.c.h; path = TDTUILabelTextVC.h; sourceTree = "<group>"; };
		DF6D95231760699800AA04A6 /* TDTUILabelTextVC.m */ = {isa = PBXFileReference; fileEncoding = 4; lastKnownFileType = sourcecode.c.objc; path = TDTUILabelTextVC.m; sourceTree = "<group>"; };
		DF6D9525176069AB00AA04A6 /* TDTCALayerTextVC.h */ = {isa = PBXFileReference; fileEncoding = 4; lastKnownFileType = sourcecode.c.h; path = TDTCALayerTextVC.h; sourceTree = "<group>"; };
		DF6D9526176069AB00AA04A6 /* TDTCALayerTextVC.m */ = {isa = PBXFileReference; fileEncoding = 4; lastKnownFileType = sourcecode.c.objc; path = TDTCALayerTextVC.m; sourceTree = "<group>"; };
		DFAC642D17659346004CD02F /* TDTRoughWorkVC.h */ = {isa = PBXFileReference; fileEncoding = 4; lastKnownFileType = sourcecode.c.h; path = TDTRoughWorkVC.h; sourceTree = "<group>"; };
		DFAC642E17659346004CD02F /* TDTRoughWorkVC.m */ = {isa = PBXFileReference; fileEncoding = 4; lastKnownFileType = sourcecode.c.objc; path = TDTRoughWorkVC.m; sourceTree = "<group>"; };
		DFAC643017659539004CD02F /* happyEmoticon.png */ = {isa = PBXFileReference; lastKnownFileType = image.png; path = happyEmoticon.png; sourceTree = "<group>"; };
		DFAC643117659539004CD02F /* happyEmoticon@2x.png */ = {isa = PBXFileReference; lastKnownFileType = image.png; path = "happyEmoticon@2x.png"; sourceTree = "<group>"; };
		DFAC64341765962D004CD02F /* testImg.png */ = {isa = PBXFileReference; lastKnownFileType = image.png; path = testImg.png; sourceTree = "<group>"; };
		DFAC6436176598EE004CD02F /* TDTCustomEmoticonsMenuVC.h */ = {isa = PBXFileReference; fileEncoding = 4; lastKnownFileType = sourcecode.c.h; path = TDTCustomEmoticonsMenuVC.h; sourceTree = "<group>"; };
		DFAC6437176598EE004CD02F /* TDTCustomEmoticonsMenuVC.m */ = {isa = PBXFileReference; fileEncoding = 4; lastKnownFileType = sourcecode.c.objc; path = TDTCustomEmoticonsMenuVC.m; sourceTree = "<group>"; };
		DFAC643A17659983004CD02F /* TDTWebViewMethodVC.h */ = {isa = PBXFileReference; fileEncoding = 4; lastKnownFileType = sourcecode.c.h; path = TDTWebViewMethodVC.h; sourceTree = "<group>"; };
		DFAC643B17659983004CD02F /* TDTWebViewMethodVC.m */ = {isa = PBXFileReference; fileEncoding = 4; lastKnownFileType = sourcecode.c.objc; path = TDTWebViewMethodVC.m; sourceTree = "<group>"; };
		DFAC643D1765ACD6004CD02F /* CoreText.framework */ = {isa = PBXFileReference; lastKnownFileType = wrapper.framework; name = CoreText.framework; path = System/Library/Frameworks/CoreText.framework; sourceTree = SDKROOT; };
		DFAC643F1765ACF7004CD02F /* TDTCTView.h */ = {isa = PBXFileReference; fileEncoding = 4; lastKnownFileType = sourcecode.c.h; path = TDTCTView.h; sourceTree = "<group>"; };
		DFAC64401765ACF7004CD02F /* TDTCTView.m */ = {isa = PBXFileReference; fileEncoding = 4; lastKnownFileType = sourcecode.c.objc; path = TDTCTView.m; sourceTree = "<group>"; };
		DFAC64421765D067004CD02F /* sadEmoticon.png */ = {isa = PBXFileReference; lastKnownFileType = image.png; path = sadEmoticon.png; sourceTree = "<group>"; };
		DFAC64431765D067004CD02F /* sadEmoticon@2x.png */ = {isa = PBXFileReference; lastKnownFileType = image.png; path = "sadEmoticon@2x.png"; sourceTree = "<group>"; };
		DFAC64461765D38D004CD02F /* TDTWebViewData.h */ = {isa = PBXFileReference; fileEncoding = 4; lastKnownFileType = sourcecode.c.h; path = TDTWebViewData.h; sourceTree = "<group>"; };
		DFAC64471765D38D004CD02F /* TDTWebViewData.m */ = {isa = PBXFileReference; fileEncoding = 4; lastKnownFileType = sourcecode.c.objc; path = TDTWebViewData.m; sourceTree = "<group>"; };
		DFAC64491765D771004CD02F /* List1.plist */ = {isa = PBXFileReference; fileEncoding = 4; lastKnownFileType = text.plist.xml; path = List1.plist; sourceTree = "<group>"; };
		DFBFA99A177C4B3E004EDAE4 /* TDTCellData.h */ = {isa = PBXFileReference; fileEncoding = 4; lastKnownFileType = sourcecode.c.h; path = TDTCellData.h; sourceTree = "<group>"; };
		DFBFA99B177C4B3E004EDAE4 /* TDTCellData.m */ = {isa = PBXFileReference; fileEncoding = 4; lastKnownFileType = sourcecode.c.objc; path = TDTCellData.m; sourceTree = "<group>"; };
		DFBFA9A6177C5789004EDAE4 /* chat-bubble-incoming-highlighted.png */ = {isa = PBXFileReference; lastKnownFileType = image.png; path = "chat-bubble-incoming-highlighted.png"; sourceTree = "<group>"; };
		DFBFA9A7177C5789004EDAE4 /* chat-bubble-incoming-highlighted@2x.png */ = {isa = PBXFileReference; lastKnownFileType = image.png; path = "chat-bubble-incoming-highlighted@2x.png"; sourceTree = "<group>"; };
		DFBFA9A8177C5789004EDAE4 /* chat-bubble-outgoing-highlighted.png */ = {isa = PBXFileReference; lastKnownFileType = image.png; path = "chat-bubble-outgoing-highlighted.png"; sourceTree = "<group>"; };
		DFBFA9A9177C5789004EDAE4 /* chat-bubble-outgoing-highlighted@2x.png */ = {isa = PBXFileReference; lastKnownFileType = image.png; path = "chat-bubble-outgoing-highlighted@2x.png"; sourceTree = "<group>"; };
		DFD46567177AA7B000DB27F0 /* TDTCompleteChatTableVC.h */ = {isa = PBXFileReference; fileEncoding = 4; lastKnownFileType = sourcecode.c.h; path = TDTCompleteChatTableVC.h; sourceTree = "<group>"; };
		DFD46568177AA7B000DB27F0 /* TDTCompleteChatTableVC.m */ = {isa = PBXFileReference; fileEncoding = 4; lastKnownFileType = sourcecode.c.objc; path = TDTCompleteChatTableVC.m; sourceTree = "<group>"; };
		DFD46573177AAB0000DB27F0 /* TDTFullDataObject.h */ = {isa = PBXFileReference; fileEncoding = 4; lastKnownFileType = sourcecode.c.h; path = TDTFullDataObject.h; sourceTree = "<group>"; };
		DFD46574177AAB0000DB27F0 /* TDTFullDataObject.m */ = {isa = PBXFileReference; fileEncoding = 4; lastKnownFileType = sourcecode.c.objc; path = TDTFullDataObject.m; sourceTree = "<group>"; };
		DFD46576177AAE1200DB27F0 /* SmallMessageFile.plist */ = {isa = PBXFileReference; fileEncoding = 4; lastKnownFileType = text.plist.xml; path = SmallMessageFile.plist; sourceTree = "<group>"; };
		DFD46578177B095700DB27F0 /* TDTSentMessageCustomView.h */ = {isa = PBXFileReference; fileEncoding = 4; lastKnownFileType = sourcecode.c.h; path = TDTSentMessageCustomView.h; sourceTree = "<group>"; };
		DFD46579177B095700DB27F0 /* TDTSentMessageCustomView.m */ = {isa = PBXFileReference; fileEncoding = 4; lastKnownFileType = sourcecode.c.objc; path = TDTSentMessageCustomView.m; sourceTree = "<group>"; };
		DFD4657B177B32B900DB27F0 /* TDTReceivedMessageCustomView.h */ = {isa = PBXFileReference; fileEncoding = 4; lastKnownFileType = sourcecode.c.h; path = TDTReceivedMessageCustomView.h; sourceTree = "<group>"; };
		DFD4657C177B32B900DB27F0 /* TDTReceivedMessageCustomView.m */ = {isa = PBXFileReference; fileEncoding = 4; lastKnownFileType = sourcecode.c.objc; path = TDTReceivedMessageCustomView.m; sourceTree = "<group>"; };
/* End PBXFileReference section */

/* Begin PBXFrameworksBuildPhase section */
		DF10EA72175DFF5D004BAE2D /* Frameworks */ = {
			isa = PBXFrameworksBuildPhase;
			buildActionMask = 2147483647;
			files = (
				DF2845FC17796B7A00D54678 /* libOHAttributedLabel.a in Frameworks */,
				DF57B7B11766E4CD004337A6 /* MobileCoreServices.framework in Frameworks */,
				DFAC643E1765ACD6004CD02F /* CoreText.framework in Frameworks */,
				DF57B7AF1766E4B9004337A6 /* ImageIO.framework in Frameworks */,
				DF57B7AD1766E4AD004337A6 /* libxml2.dylib in Frameworks */,
				DF57B7AB1766E4A3004337A6 /* libDTCoreText.a in Frameworks */,
				DF10EAA6175E13E3004BAE2D /* QuartzCore.framework in Frameworks */,
				DF10EA79175DFF5D004BAE2D /* UIKit.framework in Frameworks */,
				DF10EA7B175DFF5D004BAE2D /* Foundation.framework in Frameworks */,
				DF10EA7D175DFF5D004BAE2D /* CoreGraphics.framework in Frameworks */,
			);
			runOnlyForDeploymentPostprocessing = 0;
		};
/* End PBXFrameworksBuildPhase section */

/* Begin PBXGroup section */
		DF10EA6C175DFF5D004BAE2D = {
			isa = PBXGroup;
			children = (
				DF57B6011766DFCF004337A6 /* Externals */,
				DF10EA7E175DFF5D004BAE2D /* ChatMessageExperiments */,
				DF10EA77175DFF5D004BAE2D /* Frameworks */,
				DF10EA76175DFF5D004BAE2D /* Products */,
			);
			sourceTree = "<group>";
		};
		DF10EA76175DFF5D004BAE2D /* Products */ = {
			isa = PBXGroup;
			children = (
				DF10EA75175DFF5D004BAE2D /* ChatMessageExperiments.app */,
			);
			name = Products;
			sourceTree = "<group>";
		};
		DF10EA77175DFF5D004BAE2D /* Frameworks */ = {
			isa = PBXGroup;
			children = (
				DF57B7B01766E4CD004337A6 /* MobileCoreServices.framework */,
				DF57B7AE1766E4B9004337A6 /* ImageIO.framework */,
				DF57B7AC1766E4AD004337A6 /* libxml2.dylib */,
				DFAC643D1765ACD6004CD02F /* CoreText.framework */,
				DF10EAA5175E13E3004BAE2D /* QuartzCore.framework */,
				DF10EA78175DFF5D004BAE2D /* UIKit.framework */,
				DF10EA7A175DFF5D004BAE2D /* Foundation.framework */,
				DF10EA7C175DFF5D004BAE2D /* CoreGraphics.framework */,
			);
			name = Frameworks;
			sourceTree = "<group>";
		};
		DF10EA7E175DFF5D004BAE2D /* ChatMessageExperiments */ = {
			isa = PBXGroup;
			children = (
				DF10EA87175DFF5D004BAE2D /* TDTAppDelegate.h */,
				DF10EA88175DFF5D004BAE2D /* TDTAppDelegate.m */,
				DF10EA90175DFF5D004BAE2D /* MainStoryboard.storyboard */,
				DF10EA9E175E069A004BAE2D /* Source */,
				DF10EA7F175DFF5D004BAE2D /* Supporting Files */,
			);
			path = ChatMessageExperiments;
			sourceTree = "<group>";
		};
		DF10EA7F175DFF5D004BAE2D /* Supporting Files */ = {
			isa = PBXGroup;
			children = (
				DF2845F517796AF000D54678 /* OHAttributedLabel.xcodeproj */,
				DF10EAA0175E0823004BAE2D /* MessageFile.plist */,
				DFAC64491765D771004CD02F /* List1.plist */,
				DF10EA80175DFF5D004BAE2D /* ChatMessageExperiments-Info.plist */,
				DFD46576177AAE1200DB27F0 /* SmallMessageFile.plist */,
				DF10EA81175DFF5D004BAE2D /* InfoPlist.strings */,
				DF10EA84175DFF5D004BAE2D /* main.m */,
				DF10EA86175DFF5D004BAE2D /* ChatMessageExperiments-Prefix.pch */,
				DFAC64421765D067004CD02F /* sadEmoticon.png */,
				DFAC64431765D067004CD02F /* sadEmoticon@2x.png */,
				DF6D94FA175F56FC00AA04A6 /* avatarPlaceHolder.png */,
				DF4CB0051782CB86002CF1CE /* TDTEmoticonFont.ttf */,
				DF6D94FB175F56FC00AA04A6 /* avatarPlaceHolder@2x.png */,
				DF6D9504175F606F00AA04A6 /* avatarPlaceHolderMe.png */,
				DF6D9505175F606F00AA04A6 /* avatarPlaceHolderMe@2x.png */,
				DFAC64341765962D004CD02F /* testImg.png */,
				DF10EA8A175DFF5D004BAE2D /* Default.png */,
				DFAC643017659539004CD02F /* happyEmoticon.png */,
				DFAC643117659539004CD02F /* happyEmoticon@2x.png */,
				DF556FD81785AE72003B651C /* TDT Custom Font.ttf */,
				DF28460E1779D57800D54678 /* TDTEmoFull.ttf */,
				DF10EA8C175DFF5D004BAE2D /* Default@2x.png */,
				DF10EA8E175DFF5D004BAE2D /* Default-568h@2x.png */,
				DF6D94E5175F162800AA04A6 /* chat-bubble-incoming@2x.png */,
				DF6D94E6175F162800AA04A6 /* chat-bubble-outgoing@2x.png */,
				DFBFA9A6177C5789004EDAE4 /* chat-bubble-incoming-highlighted.png */,
				DFBFA9A7177C5789004EDAE4 /* chat-bubble-incoming-highlighted@2x.png */,
				DFBFA9A8177C5789004EDAE4 /* chat-bubble-outgoing-highlighted.png */,
				DFBFA9A9177C5789004EDAE4 /* chat-bubble-outgoing-highlighted@2x.png */,
			);
			name = "Supporting Files";
			sourceTree = "<group>";
		};
		DF10EA9E175E069A004BAE2D /* Source */ = {
			isa = PBXGroup;
			children = (
				DF10EA9F175E0793004BAE2D /* Constants.h */,
				DF10EAA2175E1223004BAE2D /* TDTSkippedFrameCounter.h */,
				DF10EAA3175E1223004BAE2D /* TDTSkippedFrameCounter.m */,
				DF10EA9B175E068E004BAE2D /* TDTMainMenuViewController.h */,
				DF10EA9C175E068E004BAE2D /* TDTMainMenuViewController.m */,
				DF6D94D9175EFA2C00AA04A6 /* TDTBubbleData.h */,
				DF6D94DA175EFA2C00AA04A6 /* TDTBubbleData.m */,
				DF6D9518175F641200AA04A6 /* TDTBubbleDataWithText.h */,
				DF6D9519175F641400AA04A6 /* TDTBubbleDataWithText.m */,
				DF6D94EF175F51D300AA04A6 /* Chat Bubble implementations */,
				DF6D94F0175F51F900AA04A6 /* Chat Bubble and Avatars */,
				DF6D9508175F626700AA04A6 /* Chat Bubble with Avatars and Text */,
				DF6D951E176068A200AA04A6 /* Text Implementations */,
				DFAC6439176598F4004CD02F /* Custom Emoticons */,
				DF2846011779982900D54678 /* Custom Font */,
				DFAC642D17659346004CD02F /* TDTRoughWorkVC.h */,
				DFAC642E17659346004CD02F /* TDTRoughWorkVC.m */,
				DFAC643F1765ACF7004CD02F /* TDTCTView.h */,
				DFAC64401765ACF7004CD02F /* TDTCTView.m */,
				DFD46567177AA7B000DB27F0 /* TDTCompleteChatTableVC.h */,
				DFD46568177AA7B000DB27F0 /* TDTCompleteChatTableVC.m */,
				DFD46578177B095700DB27F0 /* TDTSentMessageCustomView.h */,
				DFD46579177B095700DB27F0 /* TDTSentMessageCustomView.m */,
				DFD4657B177B32B900DB27F0 /* TDTReceivedMessageCustomView.h */,
				DFD4657C177B32B900DB27F0 /* TDTReceivedMessageCustomView.m */,
				DFD46573177AAB0000DB27F0 /* TDTFullDataObject.h */,
				DFD46574177AAB0000DB27F0 /* TDTFullDataObject.m */,
				DFBFA99A177C4B3E004EDAE4 /* TDTCellData.h */,
				DFBFA99B177C4B3E004EDAE4 /* TDTCellData.m */,
			);
			name = Source;
			sourceTree = "<group>";
		};
		DF2845F617796AF000D54678 /* Products */ = {
			isa = PBXGroup;
			children = (
				DF2845FA17796AF100D54678 /* libOHAttributedLabel.a */,
			);
			name = Products;
			sourceTree = "<group>";
		};
		DF2846011779982900D54678 /* Custom Font */ = {
			isa = PBXGroup;
			children = (
				DF28460517799CB400D54678 /* TDTAttrStrAndSizeData.h */,
				DF28460617799CB500D54678 /* TDTAttrStrAndSizeData.m */,
				DF2846021779995400D54678 /* TDTCustomFontImplementationsVC.h */,
				DF2846031779995500D54678 /* TDTCustomFontImplementationsVC.m */,
				DF2845FE1779981E00D54678 /* TDTOHAttributedLabelMethodVC.h */,
				DF2845FF1779982000D54678 /* TDTOHAttributedLabelMethodVC.m */,
				DF2846081779BBF700D54678 /* TDTNSAttributedStringMethodVC.h */,
				DF2846091779BBF700D54678 /* TDTNSAttributedStringMethodVC.m */,
				DF28460B1779BF6800D54678 /* TDTDTCoreTextMethodVC.h */,
				DF28460C1779BF6900D54678 /* TDTDTCoreTextMethodVC.m */,
			);
			name = "Custom Font";
			sourceTree = "<group>";
		};
		DF57B5FB1766DAD8004337A6 /* Using WebViews */ = {
			isa = PBXGroup;
			children = (
				DFAC643A17659983004CD02F /* TDTWebViewMethodVC.h */,
				DFAC643B17659983004CD02F /* TDTWebViewMethodVC.m */,
				DFAC64461765D38D004CD02F /* TDTWebViewData.h */,
				DFAC64471765D38D004CD02F /* TDTWebViewData.m */,
			);
			name = "Using WebViews";
			sourceTree = "<group>";
		};
		DF57B5FC1766DAE2004337A6 /* Using DTAttributedTextView */ = {
			isa = PBXGroup;
			children = (
				DF57B5FD1766DCA5004337A6 /* TDTDTAttributedTextViewVC.h */,
				DF57B5FE1766DCA5004337A6 /* TDTDTAttributedTextViewVC.m */,
			);
			name = "Using DTAttributedTextView";
			sourceTree = "<group>";
		};
		DF57B6011766DFCF004337A6 /* Externals */ = {
			isa = PBXGroup;
			children = (
				DF57B7911766E479004337A6 /* DTCoreText.xcodeproj */,
			);
			name = Externals;
			sourceTree = "<group>";
		};
		DF57B7921766E479004337A6 /* Products */ = {
			isa = PBXGroup;
			children = (
				DF57B79E1766E47B004337A6 /* RTDemoApp.app */,
				DF57B7A01766E47B004337A6 /* DTCoreText.framework */,
				DF57B7A21766E47B004337A6 /* libDTCoreText.a */,
				DF57B7A41766E47B004337A6 /* UnitTest.octest */,
				DF57B7A61766E47B004337A6 /* MacUnitTest.octest */,
				DF57B7A81766E47B004337A6 /* libDTCoreText_no_DTFoundation.a */,
				DF57B7AA1766E47B004337A6 /* DTCoreText.framework */,
			);
			name = Products;
			sourceTree = "<group>";
		};
		DF6D94EF175F51D300AA04A6 /* Chat Bubble implementations */ = {
			isa = PBXGroup;
			children = (
				DF6D94D6175EF5F200AA04A6 /* TDTBubbleImplementationsMenuViewController.h */,
				DF6D94D7175EF5F300AA04A6 /* TDTBubbleImplementationsMenuViewController.m */,
				DF6D94D3175EF5AC00AA04A6 /* TDTDrawRectBubblesVC.h */,
				DF6D94D4175EF5AC00AA04A6 /* TDTDrawRectBubblesVC.m */,
				DF6D94E2175F12A000AA04A6 /* TDTLayerBubblesVC.h */,
				DF6D94E3175F12A000AA04A6 /* TDTLayerBubblesVC.m */,
				DF6D94E9175F177800AA04A6 /* TDTImageBubblesVC.h */,
				DF6D94EA175F177900AA04A6 /* TDTImageBubblesVC.m */,
				DF6D94DC175EFF8000AA04A6 /* TDTDrawnBubbleView.h */,
				DF6D94DD175EFF8000AA04A6 /* TDTDrawnBubbleView.m */,
				DF6D94DF175F105000AA04A6 /* TDTLayerBubbleView.h */,
				DF6D94E0175F105000AA04A6 /* TDTLayerBubbleView.m */,
				DF6D94EC175F187500AA04A6 /* TDTImageBubbleView.h */,
				DF6D94ED175F187600AA04A6 /* TDTImageBubbleView.m */,
			);
			name = "Chat Bubble implementations";
			sourceTree = "<group>";
		};
		DF6D94F0175F51F900AA04A6 /* Chat Bubble and Avatars */ = {
			isa = PBXGroup;
			children = (
				DF6D94F1175F524D00AA04A6 /* TDTChatBubbleAndAvatarVC.h */,
				DF6D94F2175F524D00AA04A6 /* TDTChatBubbleAndAvatarVC.m */,
				DF6D94F4175F535500AA04A6 /* TDTLayerBubblesAndAvatarVC.h */,
				DF6D94F5175F535500AA04A6 /* TDTLayerBubblesAndAvatarVC.m */,
				DF6D94FE175F5B7800AA04A6 /* TDTImageBubblesAndAvatarVC.h */,
				DF6D94FF175F5B7800AA04A6 /* TDTImageBubblesAndAvatarVC.m */,
				DF6D94F7175F550200AA04A6 /* TDTLayerBubbleAndAvatarView.h */,
				DF6D94F8175F550200AA04A6 /* TDTLayerBubbleAndAvatarView.m */,
				DF6D9501175F5B9C00AA04A6 /* TDTImageBubbleAndAvatarView.h */,
				DF6D9502175F5B9D00AA04A6 /* TDTImageBubbleAndAvatarView.m */,
			);
			name = "Chat Bubble and Avatars";
			sourceTree = "<group>";
		};
		DF6D9508175F626700AA04A6 /* Chat Bubble with Avatars and Text */ = {
			isa = PBXGroup;
			children = (
				DF6D9509175F62B500AA04A6 /* TDTBubbleWithAvatarAndTextVC.h */,
				DF6D950A175F62B500AA04A6 /* TDTBubbleWithAvatarAndTextVC.m */,
				DF6D950C175F62D500AA04A6 /* TDTLayerBubblesAvatarsAndTextVC.h */,
				DF6D950D175F62D500AA04A6 /* TDTLayerBubblesAvatarsAndTextVC.m */,
				DF6D950F175F62ED00AA04A6 /* TDTImageBubblesAvatarsAndTextVC.h */,
				DF6D9510175F62ED00AA04A6 /* TDTImageBubblesAvatarsAndTextVC.m */,
				DF6D9512175F631400AA04A6 /* TDTLayerBubbleAvatarAndTextView.h */,
				DF6D9513175F631400AA04A6 /* TDTLayerBubbleAvatarAndTextView.m */,
				DF6D9515175F632400AA04A6 /* TDTImageBubbleAvatarAndTextView.h */,
				DF6D9516175F632500AA04A6 /* TDTImageBubbleAvatarAndTextView.m */,
			);
			name = "Chat Bubble with Avatars and Text";
			sourceTree = "<group>";
		};
		DF6D951E176068A200AA04A6 /* Text Implementations */ = {
			isa = PBXGroup;
			children = (
				DF6D951B1760689D00AA04A6 /* TDTTextImplementationsVC.h */,
				DF6D951C1760689D00AA04A6 /* TDTTextImplementationsVC.m */,
				DF6D951F1760697F00AA04A6 /* TDTDrawRectTextVC.h */,
				DF6D95201760697F00AA04A6 /* TDTDrawRectTextVC.m */,
				DF6D95221760699800AA04A6 /* TDTUILabelTextVC.h */,
				DF6D95231760699800AA04A6 /* TDTUILabelTextVC.m */,
				DF6D9525176069AB00AA04A6 /* TDTCALayerTextVC.h */,
				DF6D9526176069AB00AA04A6 /* TDTCALayerTextVC.m */,
			);
			name = "Text Implementations";
			sourceTree = "<group>";
		};
		DFAC6439176598F4004CD02F /* Custom Emoticons */ = {
			isa = PBXGroup;
			children = (
				DFAC6436176598EE004CD02F /* TDTCustomEmoticonsMenuVC.h */,
				DFAC6437176598EE004CD02F /* TDTCustomEmoticonsMenuVC.m */,
				DF57B5FB1766DAD8004337A6 /* Using WebViews */,
				DF57B5FC1766DAE2004337A6 /* Using DTAttributedTextView */,
			);
			name = "Custom Emoticons";
			sourceTree = "<group>";
		};
/* End PBXGroup section */

/* Begin PBXNativeTarget section */
		DF10EA74175DFF5D004BAE2D /* ChatMessageExperiments */ = {
			isa = PBXNativeTarget;
			buildConfigurationList = DF10EA98175DFF5D004BAE2D /* Build configuration list for PBXNativeTarget "ChatMessageExperiments" */;
			buildPhases = (
				DF10EA71175DFF5D004BAE2D /* Sources */,
				DF10EA72175DFF5D004BAE2D /* Frameworks */,
				DF10EA73175DFF5D004BAE2D /* Resources */,
			);
			buildRules = (
			);
			dependencies = (
			);
			name = ChatMessageExperiments;
			productName = ChatMessageExperiments;
			productReference = DF10EA75175DFF5D004BAE2D /* ChatMessageExperiments.app */;
			productType = "com.apple.product-type.application";
		};
/* End PBXNativeTarget section */

/* Begin PBXProject section */
		DF10EA6D175DFF5D004BAE2D /* Project object */ = {
			isa = PBXProject;
			attributes = {
				CLASSPREFIX = TDT;
				LastUpgradeCheck = 0460;
				ORGANIZATIONNAME = "Amit Chowdhary";
			};
			buildConfigurationList = DF10EA70175DFF5D004BAE2D /* Build configuration list for PBXProject "ChatMessageExperiments" */;
			compatibilityVersion = "Xcode 3.2";
			developmentRegion = English;
			hasScannedForEncodings = 0;
			knownRegions = (
				en,
			);
			mainGroup = DF10EA6C175DFF5D004BAE2D;
			productRefGroup = DF10EA76175DFF5D004BAE2D /* Products */;
			projectDirPath = "";
			projectReferences = (
				{
					ProductGroup = DF57B7921766E479004337A6 /* Products */;
					ProjectRef = DF57B7911766E479004337A6 /* DTCoreText.xcodeproj */;
				},
				{
					ProductGroup = DF2845F617796AF000D54678 /* Products */;
					ProjectRef = DF2845F517796AF000D54678 /* OHAttributedLabel.xcodeproj */;
				},
			);
			projectRoot = "";
			targets = (
				DF10EA74175DFF5D004BAE2D /* ChatMessageExperiments */,
			);
		};
/* End PBXProject section */

/* Begin PBXReferenceProxy section */
		DF2845FA17796AF100D54678 /* libOHAttributedLabel.a */ = {
			isa = PBXReferenceProxy;
			fileType = archive.ar;
			path = libOHAttributedLabel.a;
			remoteRef = DF2845F917796AF100D54678 /* PBXContainerItemProxy */;
			sourceTree = BUILT_PRODUCTS_DIR;
		};
		DF57B79E1766E47B004337A6 /* RTDemoApp.app */ = {
			isa = PBXReferenceProxy;
			fileType = wrapper.application;
			path = RTDemoApp.app;
			remoteRef = DF57B79D1766E47B004337A6 /* PBXContainerItemProxy */;
			sourceTree = BUILT_PRODUCTS_DIR;
		};
		DF57B7A01766E47B004337A6 /* DTCoreText.framework */ = {
			isa = PBXReferenceProxy;
			fileType = wrapper.cfbundle;
			path = DTCoreText.framework;
			remoteRef = DF57B79F1766E47B004337A6 /* PBXContainerItemProxy */;
			sourceTree = BUILT_PRODUCTS_DIR;
		};
		DF57B7A21766E47B004337A6 /* libDTCoreText.a */ = {
			isa = PBXReferenceProxy;
			fileType = archive.ar;
			path = libDTCoreText.a;
			remoteRef = DF57B7A11766E47B004337A6 /* PBXContainerItemProxy */;
			sourceTree = BUILT_PRODUCTS_DIR;
		};
		DF57B7A41766E47B004337A6 /* UnitTest.octest */ = {
			isa = PBXReferenceProxy;
			fileType = wrapper.cfbundle;
			path = UnitTest.octest;
			remoteRef = DF57B7A31766E47B004337A6 /* PBXContainerItemProxy */;
			sourceTree = BUILT_PRODUCTS_DIR;
		};
		DF57B7A61766E47B004337A6 /* MacUnitTest.octest */ = {
			isa = PBXReferenceProxy;
			fileType = wrapper.cfbundle;
			path = MacUnitTest.octest;
			remoteRef = DF57B7A51766E47B004337A6 /* PBXContainerItemProxy */;
			sourceTree = BUILT_PRODUCTS_DIR;
		};
		DF57B7A81766E47B004337A6 /* libDTCoreText_no_DTFoundation.a */ = {
			isa = PBXReferenceProxy;
			fileType = archive.ar;
			path = libDTCoreText_no_DTFoundation.a;
			remoteRef = DF57B7A71766E47B004337A6 /* PBXContainerItemProxy */;
			sourceTree = BUILT_PRODUCTS_DIR;
		};
		DF57B7AA1766E47B004337A6 /* DTCoreText.framework */ = {
			isa = PBXReferenceProxy;
			fileType = wrapper.framework;
			path = DTCoreText.framework;
			remoteRef = DF57B7A91766E47B004337A6 /* PBXContainerItemProxy */;
			sourceTree = BUILT_PRODUCTS_DIR;
		};
/* End PBXReferenceProxy section */

/* Begin PBXResourcesBuildPhase section */
		DF10EA73175DFF5D004BAE2D /* Resources */ = {
			isa = PBXResourcesBuildPhase;
			buildActionMask = 2147483647;
			files = (
				DF10EA83175DFF5D004BAE2D /* InfoPlist.strings in Resources */,
				DF10EA8B175DFF5D004BAE2D /* Default.png in Resources */,
				DF10EA8D175DFF5D004BAE2D /* Default@2x.png in Resources */,
				DF10EA8F175DFF5D004BAE2D /* Default-568h@2x.png in Resources */,
				DF10EA92175DFF5D004BAE2D /* MainStoryboard.storyboard in Resources */,
				DF10EAA1175E0823004BAE2D /* MessageFile.plist in Resources */,
				DF6D94E7175F162800AA04A6 /* chat-bubble-incoming@2x.png in Resources */,
				DF6D94E8175F162800AA04A6 /* chat-bubble-outgoing@2x.png in Resources */,
				DF6D94FC175F56FC00AA04A6 /* avatarPlaceHolder.png in Resources */,
				DF6D94FD175F56FC00AA04A6 /* avatarPlaceHolder@2x.png in Resources */,
				DF6D9506175F606F00AA04A6 /* avatarPlaceHolderMe.png in Resources */,
				DF6D9507175F606F00AA04A6 /* avatarPlaceHolderMe@2x.png in Resources */,
				DFAC643217659539004CD02F /* happyEmoticon.png in Resources */,
				DFAC643317659539004CD02F /* happyEmoticon@2x.png in Resources */,
				DFAC64351765962D004CD02F /* testImg.png in Resources */,
				DFAC64441765D067004CD02F /* sadEmoticon.png in Resources */,
				DFAC64451765D067004CD02F /* sadEmoticon@2x.png in Resources */,
				DFAC644A1765D771004CD02F /* List1.plist in Resources */,
				DF28460F1779D57900D54678 /* TDTEmoFull.ttf in Resources */,
				DFD46577177AAE1200DB27F0 /* SmallMessageFile.plist in Resources */,
				DFBFA9AA177C5789004EDAE4 /* chat-bubble-incoming-highlighted.png in Resources */,
				DFBFA9AB177C5789004EDAE4 /* chat-bubble-incoming-highlighted@2x.png in Resources */,
				DFBFA9AC177C5789004EDAE4 /* chat-bubble-outgoing-highlighted.png in Resources */,
				DFBFA9AD177C5789004EDAE4 /* chat-bubble-outgoing-highlighted@2x.png in Resources */,
				DF4CB0061782CB86002CF1CE /* TDTEmoticonFont.ttf in Resources */,
				DF556FD91785AE72003B651C /* TDT Custom Font.ttf in Resources */,
			);
			runOnlyForDeploymentPostprocessing = 0;
		};
/* End PBXResourcesBuildPhase section */

/* Begin PBXSourcesBuildPhase section */
		DF10EA71175DFF5D004BAE2D /* Sources */ = {
			isa = PBXSourcesBuildPhase;
			buildActionMask = 2147483647;
			files = (
				DF10EA85175DFF5D004BAE2D /* main.m in Sources */,
				DF10EA89175DFF5D004BAE2D /* TDTAppDelegate.m in Sources */,
				DF10EA9D175E068E004BAE2D /* TDTMainMenuViewController.m in Sources */,
				DF10EAA4175E1224004BAE2D /* TDTSkippedFrameCounter.m in Sources */,
				DF6D94D5175EF5AC00AA04A6 /* TDTDrawRectBubblesVC.m in Sources */,
				DF6D94D8175EF5F300AA04A6 /* TDTBubbleImplementationsMenuViewController.m in Sources */,
				DF6D94DB175EFA2C00AA04A6 /* TDTBubbleData.m in Sources */,
				DF6D94DE175EFF8000AA04A6 /* TDTDrawnBubbleView.m in Sources */,
				DF6D94E1175F105000AA04A6 /* TDTLayerBubbleView.m in Sources */,
				DF6D94E4175F12A000AA04A6 /* TDTLayerBubblesVC.m in Sources */,
				DF6D94EB175F177900AA04A6 /* TDTImageBubblesVC.m in Sources */,
				DF6D94EE175F187600AA04A6 /* TDTImageBubbleView.m in Sources */,
				DF6D94F3175F524D00AA04A6 /* TDTChatBubbleAndAvatarVC.m in Sources */,
				DF6D94F6175F535600AA04A6 /* TDTLayerBubblesAndAvatarVC.m in Sources */,
				DF6D94F9175F550300AA04A6 /* TDTLayerBubbleAndAvatarView.m in Sources */,
				DF6D9500175F5B7800AA04A6 /* TDTImageBubblesAndAvatarVC.m in Sources */,
				DF6D9503175F5B9D00AA04A6 /* TDTImageBubbleAndAvatarView.m in Sources */,
				DF6D950B175F62B500AA04A6 /* TDTBubbleWithAvatarAndTextVC.m in Sources */,
				DF6D950E175F62D500AA04A6 /* TDTLayerBubblesAvatarsAndTextVC.m in Sources */,
				DF6D9511175F62ED00AA04A6 /* TDTImageBubblesAvatarsAndTextVC.m in Sources */,
				DF6D9514175F631400AA04A6 /* TDTLayerBubbleAvatarAndTextView.m in Sources */,
				DF6D9517175F632500AA04A6 /* TDTImageBubbleAvatarAndTextView.m in Sources */,
				DF6D951A175F641600AA04A6 /* TDTBubbleDataWithText.m in Sources */,
				DF6D951D1760689D00AA04A6 /* TDTTextImplementationsVC.m in Sources */,
				DF6D95211760697F00AA04A6 /* TDTDrawRectTextVC.m in Sources */,
				DF6D95241760699800AA04A6 /* TDTUILabelTextVC.m in Sources */,
				DF6D9527176069AC00AA04A6 /* TDTCALayerTextVC.m in Sources */,
				DFAC642F17659346004CD02F /* TDTRoughWorkVC.m in Sources */,
				DFAC6438176598EE004CD02F /* TDTCustomEmoticonsMenuVC.m in Sources */,
				DFAC643C17659983004CD02F /* TDTWebViewMethodVC.m in Sources */,
				DFAC64411765ACF8004CD02F /* TDTCTView.m in Sources */,
				DFAC64481765D38D004CD02F /* TDTWebViewData.m in Sources */,
				DF57B5FF1766DCA5004337A6 /* TDTDTAttributedTextViewVC.m in Sources */,
				DF2846001779982200D54678 /* TDTOHAttributedLabelMethodVC.m in Sources */,
				DF2846041779995500D54678 /* TDTCustomFontImplementationsVC.m in Sources */,
				DF28460717799CB500D54678 /* TDTAttrStrAndSizeData.m in Sources */,
				DF28460A1779BBF800D54678 /* TDTNSAttributedStringMethodVC.m in Sources */,
				DF28460D1779BF6A00D54678 /* TDTDTCoreTextMethodVC.m in Sources */,
				DFD46569177AA7B000DB27F0 /* TDTCompleteChatTableVC.m in Sources */,
				DFD46575177AAB0000DB27F0 /* TDTFullDataObject.m in Sources */,
				DFD4657A177B095800DB27F0 /* TDTSentMessageCustomView.m in Sources */,
				DFD4657D177B32BA00DB27F0 /* TDTReceivedMessageCustomView.m in Sources */,
				DFBFA99C177C4B3E004EDAE4 /* TDTCellData.m in Sources */,
			);
			runOnlyForDeploymentPostprocessing = 0;
		};
/* End PBXSourcesBuildPhase section */

/* Begin PBXVariantGroup section */
		DF10EA81175DFF5D004BAE2D /* InfoPlist.strings */ = {
			isa = PBXVariantGroup;
			children = (
				DF10EA82175DFF5D004BAE2D /* en */,
			);
			name = InfoPlist.strings;
			sourceTree = "<group>";
		};
		DF10EA90175DFF5D004BAE2D /* MainStoryboard.storyboard */ = {
			isa = PBXVariantGroup;
			children = (
				DF10EA91175DFF5D004BAE2D /* en */,
			);
			name = MainStoryboard.storyboard;
			sourceTree = "<group>";
		};
/* End PBXVariantGroup section */

/* Begin XCBuildConfiguration section */
		DF10EA96175DFF5D004BAE2D /* Debug */ = {
			isa = XCBuildConfiguration;
			buildSettings = {
				ALWAYS_SEARCH_USER_PATHS = NO;
				CLANG_CXX_LANGUAGE_STANDARD = "gnu++0x";
				CLANG_CXX_LIBRARY = "libc++";
				CLANG_ENABLE_OBJC_ARC = YES;
				CLANG_WARN_CONSTANT_CONVERSION = YES;
				CLANG_WARN_EMPTY_BODY = YES;
				CLANG_WARN_ENUM_CONVERSION = YES;
				CLANG_WARN_INT_CONVERSION = YES;
				CLANG_WARN__DUPLICATE_METHOD_MATCH = YES;
				"CODE_SIGN_IDENTITY[sdk=iphoneos*]" = "iPhone Developer";
				COPY_PHASE_STRIP = NO;
				GCC_C_LANGUAGE_STANDARD = gnu99;
				GCC_DYNAMIC_NO_PIC = NO;
				GCC_OPTIMIZATION_LEVEL = 0;
				GCC_PREPROCESSOR_DEFINITIONS = (
					"DEBUG=1",
					"$(inherited)",
				);
				GCC_SYMBOLS_PRIVATE_EXTERN = NO;
				GCC_WARN_ABOUT_RETURN_TYPE = YES;
				GCC_WARN_UNINITIALIZED_AUTOS = YES;
				GCC_WARN_UNUSED_VARIABLE = YES;
				IPHONEOS_DEPLOYMENT_TARGET = 6.1;
				ONLY_ACTIVE_ARCH = YES;
				SDKROOT = iphoneos;
			};
			name = Debug;
		};
		DF10EA97175DFF5D004BAE2D /* Release */ = {
			isa = XCBuildConfiguration;
			buildSettings = {
				ALWAYS_SEARCH_USER_PATHS = NO;
				CLANG_CXX_LANGUAGE_STANDARD = "gnu++0x";
				CLANG_CXX_LIBRARY = "libc++";
				CLANG_ENABLE_OBJC_ARC = YES;
				CLANG_WARN_CONSTANT_CONVERSION = YES;
				CLANG_WARN_EMPTY_BODY = YES;
				CLANG_WARN_ENUM_CONVERSION = YES;
				CLANG_WARN_INT_CONVERSION = YES;
				CLANG_WARN__DUPLICATE_METHOD_MATCH = YES;
				"CODE_SIGN_IDENTITY[sdk=iphoneos*]" = "iPhone Developer";
				COPY_PHASE_STRIP = YES;
				GCC_C_LANGUAGE_STANDARD = gnu99;
				GCC_WARN_ABOUT_RETURN_TYPE = YES;
				GCC_WARN_UNINITIALIZED_AUTOS = YES;
				GCC_WARN_UNUSED_VARIABLE = YES;
				IPHONEOS_DEPLOYMENT_TARGET = 6.1;
				OTHER_CFLAGS = "-DNS_BLOCK_ASSERTIONS=1";
				SDKROOT = iphoneos;
				VALIDATE_PRODUCT = YES;
			};
			name = Release;
		};
		DF10EA99175DFF5D004BAE2D /* Debug */ = {
			isa = XCBuildConfiguration;
			buildSettings = {
				GCC_PRECOMPILE_PREFIX_HEADER = YES;
				GCC_PREFIX_HEADER = "ChatMessageExperiments/ChatMessageExperiments-Prefix.pch";
				INFOPLIST_FILE = "ChatMessageExperiments/ChatMessageExperiments-Info.plist";
				IPHONEOS_DEPLOYMENT_TARGET = 6.0;
				LIBRARY_SEARCH_PATHS = (
					"$(inherited)",
					"\"$(SRCROOT)/ChatMessageExperiments\"",
					"\"$(SRCROOT)\"",
					"\"$(SRCROOT)/../../../Library/Developer/Xcode/DerivedData/OHAttributedLabel-gtnevwlxmyegbycmkyjkloljdgye/Build/Products/Debug-iphoneos\"",
				);
				OTHER_LDFLAGS = "-ObjC";
				PRODUCT_NAME = "$(TARGET_NAME)";
				USER_HEADER_SEARCH_PATHS = "External/DTCoreText/Core/**";
				WRAPPER_EXTENSION = app;
			};
			name = Debug;
		};
		DF10EA9A175DFF5D004BAE2D /* Release */ = {
			isa = XCBuildConfiguration;
			buildSettings = {
				GCC_PRECOMPILE_PREFIX_HEADER = YES;
				GCC_PREFIX_HEADER = "ChatMessageExperiments/ChatMessageExperiments-Prefix.pch";
				INFOPLIST_FILE = "ChatMessageExperiments/ChatMessageExperiments-Info.plist";
				IPHONEOS_DEPLOYMENT_TARGET = 6.0;
				LIBRARY_SEARCH_PATHS = (
					"$(inherited)",
					"\"$(SRCROOT)/ChatMessageExperiments\"",
					"\"$(SRCROOT)\"",
					"\"$(SRCROOT)/../../../Library/Developer/Xcode/DerivedData/OHAttributedLabel-gtnevwlxmyegbycmkyjkloljdgye/Build/Products/Debug-iphoneos\"",
				);
				OTHER_LDFLAGS = "-ObjC";
				PRODUCT_NAME = "$(TARGET_NAME)";
				USER_HEADER_SEARCH_PATHS = "External/DTCoreText/Core/**";
				WRAPPER_EXTENSION = app;
			};
			name = Release;
		};
/* End XCBuildConfiguration section */

/* Begin XCConfigurationList section */
		DF10EA70175DFF5D004BAE2D /* Build configuration list for PBXProject "ChatMessageExperiments" */ = {
			isa = XCConfigurationList;
			buildConfigurations = (
				DF10EA96175DFF5D004BAE2D /* Debug */,
				DF10EA97175DFF5D004BAE2D /* Release */,
			);
			defaultConfigurationIsVisible = 0;
			defaultConfigurationName = Release;
		};
		DF10EA98175DFF5D004BAE2D /* Build configuration list for PBXNativeTarget "ChatMessageExperiments" */ = {
			isa = XCConfigurationList;
			buildConfigurations = (
				DF10EA99175DFF5D004BAE2D /* Debug */,
				DF10EA9A175DFF5D004BAE2D /* Release */,
			);
			defaultConfigurationIsVisible = 0;
			defaultConfigurationName = Release;
		};
/* End XCConfigurationList section */
	};
	rootObject = DF10EA6D175DFF5D004BAE2D /* Project object */;
}
